
Microsoft Visual Studio Solution File, Format Version 12.00
# Visual Studio Version 16
VisualStudioVersion = 16.0.31313.79
MinimumVisualStudioVersion = 10.0.40219.1
Project("{FAE04EC0-301F-11D3-BF4B-00C04F79EFBC}") = "RetailManagement", "RetailManagement\RetailManagement.csproj", "{D969920C-842E-49CD-B935-2EC1C127AE3C}"
EndProject
Global
	GlobalSection(SolutionConfigurationPlatforms) = preSolution
		Debug|Any CPU = Debug|Any CPU
		Release|Any CPU = Release|Any CPU
	EndGlobalSection
	GlobalSection(ProjectConfigurationPlatforms) = postSolution
		{D969920C-842E-49CD-B935-2EC1C127AE3C}.Debug|Any CPU.ActiveCfg = Debug|Any CPU
		{D969920C-842E-49CD-B935-2EC1C127AE3C}.Debug|Any CPU.Build.0 = Debug|Any CPU
		{D969920C-842E-49CD-B935-2EC1C127AE3C}.Release|Any CPU.ActiveCfg = Release|Any CPU
		{D969920C-842E-49CD-B935-2EC1C127AE3C}.Release|Any CPU.Build.0 = Release|Any CPU
	EndGlobalSection
	GlobalSection(SolutionProperties) = preSolution
		HideSolutionNode = FALSE
	EndGlobalSection
	GlobalSection(ExtensibilityGlobals) = postSolution
		SolutionGuid = {E202AEC8-451A-44DD-A6EC-12E171A85A24}
	EndGlobalSection
EndGlobal
